
Microsoft Visual Studio Solution File, Format Version 12.00
# Visual Studio 15
VisualStudioVersion = 15.0.27703.2018
MinimumVisualStudioVersion = 10.0.40219.1
Project("{FAE04EC0-301F-11D3-BF4B-00C04F79EFBC}") = "LogViewer", "LogViewer\LogViewer.csproj", "{AB1AF71F-FE97-4861-83AE-28568C4BA76A}"
EndProject
Global
	GlobalSection(SolutionConfigurationPlatforms) = preSolution
		Debug|Any CPU = Debug|Any CPU
		Release|Any CPU = Release|Any CPU
	EndGlobalSection
	GlobalSection(ProjectConfigurationPlatforms) = postSolution
		{AB1AF71F-FE97-4861-83AE-28568C4BA76A}.Debug|Any CPU.ActiveCfg = Debug|Any CPU
		{AB1AF71F-FE97-4861-83AE-28568C4BA76A}.Debug|Any CPU.Build.0 = Debug|Any CPU
		{AB1AF71F-FE97-4861-83AE-28568C4BA76A}.Release|Any CPU.ActiveCfg = Release|Any CPU
		{AB1AF71F-FE97-4861-83AE-28568C4BA76A}.Release|Any CPU.Build.0 = Release|Any CPU
	EndGlobalSection
	GlobalSection(SolutionProperties) = preSolution
		HideSolutionNode = FALSE
	EndGlobalSection
	GlobalSection(ExtensibilityGlobals) = postSolution
		SolutionGuid = {F03AF8A1-679D-4D75-9156-FEC52A29DAF3}
	EndGlobalSection
EndGlobal
